// !$*UTF8*$!
{
	archiveVersion = 1;
	classes = {
	};
	objectVersion = 50;
	objects = {

/* Begin PBXBuildFile section */
		0127C08224E599C0008CA482 /* CoinData.swift in Sources */ = {isa = PBXBuildFile; fileRef = 0127C08124E599C0008CA482 /* CoinData.swift */; };
		01C7274524E55C9700981104 /* AppDelegate.swift in Sources */ = {isa = PBXBuildFile; fileRef = 01C7274424E55C9700981104 /* AppDelegate.swift */; };
		01C7274724E55C9700981104 /* SceneDelegate.swift in Sources */ = {isa = PBXBuildFile; fileRef = 01C7274624E55C9700981104 /* SceneDelegate.swift */; };
		01C7274924E55C9700981104 /* ViewController.swift in Sources */ = {isa = PBXBuildFile; fileRef = 01C7274824E55C9700981104 /* ViewController.swift */; };
		01C7274E24E55C9900981104 /* Assets.xcassets in Resources */ = {isa = PBXBuildFile; fileRef = 01C7274D24E55C9900981104 /* Assets.xcassets */; };
		01C7275124E55C9900981104 /* LaunchScreen.storyboard in Resources */ = {isa = PBXBuildFile; fileRef = 01C7274F24E55C9900981104 /* LaunchScreen.storyboard */; };
		01C7275C24E55D1000981104 /* CoinManager.swift in Sources */ = {isa = PBXBuildFile; fileRef = 01C7275B24E55D1000981104 /* CoinManager.swift */; };
		01C7276324E5604F00981104 /* Main.storyboard in Resources */ = {isa = PBXBuildFile; fileRef = 01C7276224E5604F00981104 /* Main.storyboard */; };
/* End PBXBuildFile section */

/* Begin PBXFileReference section */
		0127C08124E599C0008CA482 /* CoinData.swift */ = {isa = PBXFileReference; lastKnownFileType = sourcecode.swift; path = CoinData.swift; sourceTree = "<group>"; };
		01C7274124E55C9700981104 /* BitChange.app */ = {isa = PBXFileReference; explicitFileType = wrapper.application; includeInIndex = 0; path = BitChange.app; sourceTree = BUILT_PRODUCTS_DIR; };
		01C7274424E55C9700981104 /* AppDelegate.swift */ = {isa = PBXFileReference; lastKnownFileType = sourcecode.swift; path = AppDelegate.swift; sourceTree = "<group>"; };
		01C7274624E55C9700981104 /* SceneDelegate.swift */ = {isa = PBXFileReference; lastKnownFileType = sourcecode.swift; path = SceneDelegate.swift; sourceTree = "<group>"; };
		01C7274824E55C9700981104 /* ViewController.swift */ = {isa = PBXFileReference; lastKnownFileType = sourcecode.swift; path = ViewController.swift; sourceTree = "<group>"; };
		01C7274D24E55C9900981104 /* Assets.xcassets */ = {isa = PBXFileReference; lastKnownFileType = folder.assetcatalog; path = Assets.xcassets; sourceTree = "<group>"; };
		01C7275024E55C9900981104 /* Base */ = {isa = PBXFileReference; lastKnownFileType = file.storyboard; name = Base; path = Base.lproj/LaunchScreen.storyboard; sourceTree = "<group>"; };
		01C7275224E55C9900981104 /* Info.plist */ = {isa = PBXFileReference; lastKnownFileType = text.plist.xml; path = Info.plist; sourceTree = "<group>"; };
		01C7275B24E55D1000981104 /* CoinManager.swift */ = {isa = PBXFileReference; lastKnownFileType = sourcecode.swift; path = CoinManager.swift; sourceTree = "<group>"; };
		01C7276224E5604F00981104 /* Main.storyboard */ = {isa = PBXFileReference; fileEncoding = 4; lastKnownFileType = file.storyboard; path = Main.storyboard; sourceTree = "<group>"; };
/* End PBXFileReference section */

/* Begin PBXFrameworksBuildPhase section */
		01C7273E24E55C9700981104 /* Frameworks */ = {
			isa = PBXFrameworksBuildPhase;
			buildActionMask = 2147483647;
			files = (
			);
			runOnlyForDeploymentPostprocessing = 0;
		};
/* End PBXFrameworksBuildPhase section */

/* Begin PBXGroup section */
		01C7273824E55C9700981104 = {
			isa = PBXGroup;
			children = (
				01C7274324E55C9700981104 /* BitChange */,
				01C7274224E55C9700981104 /* Products */,
			);
			sourceTree = "<group>";
		};
		01C7274224E55C9700981104 /* Products */ = {
			isa = PBXGroup;
			children = (
				01C7274124E55C9700981104 /* BitChange.app */,
			);
			name = Products;
			sourceTree = "<group>";
		};
		01C7274324E55C9700981104 /* BitChange */ = {
			isa = PBXGroup;
			children = (
				01C7274424E55C9700981104 /* AppDelegate.swift */,
				01C7274624E55C9700981104 /* SceneDelegate.swift */,
				01C7275824E55CC100981104 /* Model */,
				01C7275924E55CD200981104 /* Controller */,
				01C7275A24E55CDC00981104 /* View */,
				01C7274D24E55C9900981104 /* Assets.xcassets */,
				01C7274F24E55C9900981104 /* LaunchScreen.storyboard */,
				01C7275224E55C9900981104 /* Info.plist */,
			);
			path = BitChange;
			sourceTree = "<group>";
		};
		01C7275824E55CC100981104 /* Model */ = {
			isa = PBXGroup;
			children = (
				01C7275B24E55D1000981104 /* CoinManager.swift */,
				0127C08124E599C0008CA482 /* CoinData.swift */,
			);
			path = Model;
			sourceTree = "<group>";
		};
		01C7275924E55CD200981104 /* Controller */ = {
			isa = PBXGroup;
			children = (
				01C7274824E55C9700981104 /* ViewController.swift */,
			);
			path = Controller;
			sourceTree = "<group>";
		};
		01C7275A24E55CDC00981104 /* View */ = {
			isa = PBXGroup;
			children = (
				01C7276224E5604F00981104 /* Main.storyboard */,
			);
			path = View;
			sourceTree = "<group>";
		};
/* End PBXGroup section */

/* Begin PBXNativeTarget section */
		01C7274024E55C9700981104 /* BitChange */ = {
			isa = PBXNativeTarget;
			buildConfigurationList = 01C7275524E55C9900981104 /* Build configuration list for PBXNativeTarget "BitChange" */;
			buildPhases = (
				01C7273D24E55C9700981104 /* Sources */,
				01C7273E24E55C9700981104 /* Frameworks */,
				01C7273F24E55C9700981104 /* Resources */,
			);
			buildRules = (
			);
			dependencies = (
			);
			name = BitChange;
			productName = BitChange;
			productReference = 01C7274124E55C9700981104 /* BitChange.app */;
			productType = "com.apple.product-type.application";
		};
/* End PBXNativeTarget section */

/* Begin PBXProject section */
		01C7273924E55C9700981104 /* Project object */ = {
			isa = PBXProject;
			attributes = {
				LastSwiftUpdateCheck = 1160;
				LastUpgradeCheck = 1160;
				ORGANIZATIONNAME = Kris;
				TargetAttributes = {
					01C7274024E55C9700981104 = {
						CreatedOnToolsVersion = 11.6;
					};
				};
			};
			buildConfigurationList = 01C7273C24E55C9700981104 /* Build configuration list for PBXProject "BitChange" */;
			compatibilityVersion = "Xcode 9.3";
			developmentRegion = en;
			hasScannedForEncodings = 0;
			knownRegions = (
				en,
				Base,
			);
			mainGroup = 01C7273824E55C9700981104;
			productRefGroup = 01C7274224E55C9700981104 /* Products */;
			projectDirPath = "";
			projectRoot = "";
			targets = (
				01C7274024E55C9700981104 /* BitChange */,
			);
		};
/* End PBXProject section */

/* Begin PBXResourcesBuildPhase section */
		01C7273F24E55C9700981104 /* Resources */ = {
			isa = PBXResourcesBuildPhase;
			buildActionMask = 2147483647;
			files = (
				01C7276324E5604F00981104 /* Main.storyboard in Resources */,
				01C7275124E55C9900981104 /* LaunchScreen.storyboard in Resources */,
				01C7274E24E55C9900981104 /* Assets.xcassets in Resources */,
			);
			runOnlyForDeploymentPostprocessing = 0;
		};
/* End PBXResourcesBuildPhase section */

/* Begin PBXSourcesBuildPhase section */
		01C7273D24E55C9700981104 /* Sources */ = {
			isa = PBXSourcesBuildPhase;
			buildActionMask = 2147483647;
			files = (
				01C7275C24E55D1000981104 /* CoinManager.swift in Sources */,
				01C7274924E55C9700981104 /* ViewController.swift in Sources */,
				0127C08224E599C0008CA482 /* CoinData.swift in Sources */,
				01C7274524E55C9700981104 /* AppDelegate.swift in Sources */,
				01C7274724E55C9700981104 /* SceneDelegate.swift in Sources */,
			);
			runOnlyForDeploymentPostprocessing = 0;
		};
/* End PBXSourcesBuildPhase section */

/* Begin PBXVariantGroup section */
		01C7274F24E55C9900981104 /* LaunchScreen.storyboard */ = {
			isa = PBXVariantGroup;
			children = (
				01C7275024E55C9900981104 /* Base */,
			);
			name = LaunchScreen.storyboard;
			sourceTree = "<group>";
		};
/* End PBXVariantGroup section */

/* Begin XCBuildConfiguration section */
		01C7275324E55C9900981104 /* Debug */ = {
			isa = XCBuildConfiguration;
			buildSettings = {
				ALWAYS_SEARCH_USER_PATHS = NO;
				CLANG_ANALYZER_NONNULL = YES;
				CLANG_ANALYZER_NUMBER_OBJECT_CONVERSION = YES_AGGRESSIVE;
				CLANG_CXX_LANGUAGE_STANDARD = "gnu++14";
				CLANG_CXX_LIBRARY = "libc++";
				CLANG_ENABLE_MODULES = YES;
				CLANG_ENABLE_OBJC_ARC = YES;
				CLANG_ENABLE_OBJC_WEAK = YES;
				CLANG_WARN_BLOCK_CAPTURE_AUTORELEASING = YES;
				CLANG_WARN_BOOL_CONVERSION = YES;
				CLANG_WARN_COMMA = YES;
				CLANG_WARN_CONSTANT_CONVERSION = YES;
				CLANG_WARN_DEPRECATED_OBJC_IMPLEMENTATIONS = YES;
				CLANG_WARN_DIRECT_OBJC_ISA_USAGE = YES_ERROR;
				CLANG_WARN_DOCUMENTATION_COMMENTS = YES;
				CLANG_WARN_EMPTY_BODY = YES;
				CLANG_WARN_ENUM_CONVERSION = YES;
				CLANG_WARN_INFINITE_RECURSION = YES;
				CLANG_WARN_INT_CONVERSION = YES;
				CLANG_WARN_NON_LITERAL_NULL_CONVERSION = YES;
				CLANG_WARN_OBJC_IMPLICIT_RETAIN_SELF = YES;
				CLANG_WARN_OBJC_LITERAL_CONVERSION = YES;
				CLANG_WARN_OBJC_ROOT_CLASS = YES_ERROR;
				CLANG_WARN_RANGE_LOOP_ANALYSIS = YES;
				CLANG_WARN_STRICT_PROTOTYPES = YES;
				CLANG_WARN_SUSPICIOUS_MOVE = YES;
				CLANG_WARN_UNGUARDED_AVAILABILITY = YES_AGGRESSIVE;
				CLANG_WARN_UNREACHABLE_CODE = YES;
				CLANG_WARN__DUPLICATE_METHOD_MATCH = YES;
				COPY_PHASE_STRIP = NO;
				DEBUG_INFORMATION_FORMAT = dwarf;
				ENABLE_STRICT_OBJC_MSGSEND = YES;
				ENABLE_TESTABILITY = YES;
				GCC_C_LANGUAGE_STANDARD = gnu11;
				GCC_DYNAMIC_NO_PIC = NO;
				GCC_NO_COMMON_BLOCKS = YES;
				GCC_OPTIMIZATION_LEVEL = 0;
				GCC_PREPROCESSOR_DEFINITIONS = (
					"DEBUG=1",
					"$(inherited)",
				);
				GCC_WARN_64_TO_32_BIT_CONVERSION = YES;
				GCC_WARN_ABOUT_RETURN_TYPE = YES_ERROR;
				GCC_WARN_UNDECLARED_SELECTOR = YES;
				GCC_WARN_UNINITIALIZED_AUTOS = YES_AGGRESSIVE;
				GCC_WARN_UNUSED_FUNCTION = YES;
				GCC_WARN_UNUSED_VARIABLE = YES;
				IPHONEOS_DEPLOYMENT_TARGET = 13.6;
				MTL_ENABLE_DEBUG_INFO = INCLUDE_SOURCE;
				MTL_FAST_MATH = YES;
				ONLY_ACTIVE_ARCH = YES;
				SDKROOT = iphoneos;
				SWIFT_ACTIVE_COMPILATION_CONDITIONS = DEBUG;
				SWIFT_OPTIMIZATION_LEVEL = "-Onone";
			};
			name = Debug;
		};
		01C7275424E55C9900981104 /* Release */ = {
			isa = XCBuildConfiguration;
			buildSettings = {
				ALWAYS_SEARCH_USER_PATHS = NO;
				CLANG_ANALYZER_NONNULL = YES;
				CLANG_ANALYZER_NUMBER_OBJECT_CONVERSION = YES_AGGRESSIVE;
				CLANG_CXX_LANGUAGE_STANDARD = "gnu++14";
				CLANG_CXX_LIBRARY = "libc++";
				CLANG_ENABLE_MODULES = YES;
				CLANG_ENABLE_OBJC_ARC = YES;
				CLANG_ENABLE_OBJC_WEAK = YES;
				CLANG_WARN_BLOCK_CAPTURE_AUTORELEASING = YES;
				CLANG_WARN_BOOL_CONVERSION = YES;
				CLANG_WARN_COMMA = YES;
				CLANG_WARN_CONSTANT_CONVERSION = YES;
				CLANG_WARN_DEPRECATED_OBJC_IMPLEMENTATIONS = YES;
				CLANG_WARN_DIRECT_OBJC_ISA_USAGE = YES_ERROR;
				CLANG_WARN_DOCUMENTATION_COMMENTS = YES;
				CLANG_WARN_EMPTY_BODY = YES;
				CLANG_WARN_ENUM_CONVERSION = YES;
				CLANG_WARN_INFINITE_RECURSION = YES;
				CLANG_WARN_INT_CONVERSION = YES;
				CLANG_WARN_NON_LITERAL_NULL_CONVERSION = YES;
				CLANG_WARN_OBJC_IMPLICIT_RETAIN_SELF = YES;
				CLANG_WARN_OBJC_LITERAL_CONVERSION = YES;
				CLANG_WARN_OBJC_ROOT_CLASS = YES_ERROR;
				CLANG_WARN_RANGE_LOOP_ANALYSIS = YES;
				CLANG_WARN_STRICT_PROTOTYPES = YES;
				CLANG_WARN_SUSPICIOUS_MOVE = YES;
				CLANG_WARN_UNGUARDED_AVAILABILITY = YES_AGGRESSIVE;
				CLANG_WARN_UNREACHABLE_CODE = YES;
				CLANG_WARN__DUPLICATE_METHOD_MATCH = YES;
				COPY_PHASE_STRIP = NO;
				DEBUG_INFORMATION_FORMAT = "dwarf-with-dsym";
				ENABLE_NS_ASSERTIONS = NO;
				ENABLE_STRICT_OBJC_MSGSEND = YES;
				GCC_C_LANGUAGE_STANDARD = gnu11;
				GCC_NO_COMMON_BLOCKS = YES;
				GCC_WARN_64_TO_32_BIT_CONVERSION = YES;
				GCC_WARN_ABOUT_RETURN_TYPE = YES_ERROR;
				GCC_WARN_UNDECLARED_SELECTOR = YES;
				GCC_WARN_UNINITIALIZED_AUTOS = YES_AGGRESSIVE;
				GCC_WARN_UNUSED_FUNCTION = YES;
				GCC_WARN_UNUSED_VARIABLE = YES;
				IPHONEOS_DEPLOYMENT_TARGET = 13.6;
				MTL_ENABLE_DEBUG_INFO = NO;
				MTL_FAST_MATH = YES;
				SDKROOT = iphoneos;
				SWIFT_COMPILATION_MODE = wholemodule;
				SWIFT_OPTIMIZATION_LEVEL = "-O";
				VALIDATE_PRODUCT = YES;
			};
			name = Release;
		};
		01C7275624E55C9900981104 /* Debug */ = {
			isa = XCBuildConfiguration;
			buildSettings = {
				ASSETCATALOG_COMPILER_APPICON_NAME = AppIcon;
				CODE_SIGN_STYLE = Automatic;
				DEVELOPMENT_TEAM = 94UC5J8424;
				INFOPLIST_FILE = BitChange/Info.plist;
				LD_RUNPATH_SEARCH_PATHS = (
					"$(inherited)",
					"@executable_path/Frameworks",
				);
				PRODUCT_BUNDLE_IDENTIFIER = com.krzysztofkogut.BitChange;
				PRODUCT_NAME = "$(TARGET_NAME)";
				SWIFT_VERSION = 5.0;
				TARGETED_DEVICE_FAMILY = "1,2";
			};
			name = Debug;
		};
		01C7275724E55C9900981104 /* Release */ = {
			isa = XCBuildConfiguration;
			buildSettings = {
				ASSETCATALOG_COMPILER_APPICON_NAME = AppIcon;
				CODE_SIGN_STYLE = Automatic;
				DEVELOPMENT_TEAM = 94UC5J8424;
				INFOPLIST_FILE = BitChange/Info.plist;
				LD_RUNPATH_SEARCH_PATHS = (
					"$(inherited)",
					"@executable_path/Frameworks",
				);
				PRODUCT_BUNDLE_IDENTIFIER = com.krzysztofkogut.BitChange;
				PRODUCT_NAME = "$(TARGET_NAME)";
				SWIFT_VERSION = 5.0;
				TARGETED_DEVICE_FAMILY = "1,2";
			};
			name = Release;
		};
/* End XCBuildConfiguration section */

/* Begin XCConfigurationList section */
		01C7273C24E55C9700981104 /* Build configuration list for PBXProject "BitChange" */ = {
			isa = XCConfigurationList;
			buildConfigurations = (
				01C7275324E55C9900981104 /* Debug */,
				01C7275424E55C9900981104 /* Release */,
			);
			defaultConfigurationIsVisible = 0;
			defaultConfigurationName = Release;
		};
		01C7275524E55C9900981104 /* Build configuration list for PBXNativeTarget "BitChange" */ = {
			isa = XCConfigurationList;
			buildConfigurations = (
				01C7275624E55C9900981104 /* Debug */,
				01C7275724E55C9900981104 /* Release */,
			);
			defaultConfigurationIsVisible = 0;
			defaultConfigurationName = Release;
		};
/* End XCConfigurationList section */
	};
	rootObject = 01C7273924E55C9700981104 /* Project object */;
}
